
Microsoft Visual Studio Solution File, Format Version 12.00
# Visual Studio Version 17
VisualStudioVersion = 17.10.35027.167
MinimumVisualStudioVersion = 10.0.40219.1
Project("{FAE04EC0-301F-11D3-BF4B-00C04F79EFBC}") = "Bee1005", "Bee1005\Bee1005.csproj", "{E2A79CAB-D353-4BB8-B99C-9E29E332E963}"
EndProject
Global
	GlobalSection(SolutionConfigurationPlatforms) = preSolution
		Debug|Any CPU = Debug|Any CPU
		Release|Any CPU = Release|Any CPU
	EndGlobalSection
	GlobalSection(ProjectConfigurationPlatforms) = postSolution
		{E2A79CAB-D353-4BB8-B99C-9E29E332E963}.Debug|Any CPU.ActiveCfg = Debug|Any CPU
		{E2A79CAB-D353-4BB8-B99C-9E29E332E963}.Debug|Any CPU.Build.0 = Debug|Any CPU
		{E2A79CAB-D353-4BB8-B99C-9E29E332E963}.Release|Any CPU.ActiveCfg = Release|Any CPU
		{E2A79CAB-D353-4BB8-B99C-9E29E332E963}.Release|Any CPU.Build.0 = Release|Any CPU
	EndGlobalSection
	GlobalSection(SolutionProperties) = preSolution
		HideSolutionNode = FALSE
	EndGlobalSection
	GlobalSection(ExtensibilityGlobals) = postSolution
		SolutionGuid = {3BE98644-1765-406F-A4CD-971328B89FAA}
	EndGlobalSection
EndGlobal
