
Microsoft Visual Studio Solution File, Format Version 12.00
# Visual Studio Version 17
VisualStudioVersion = 17.10.35027.167
MinimumVisualStudioVersion = 10.0.40219.1
Project("{FAE04EC0-301F-11D3-BF4B-00C04F79EFBC}") = "Bee1150", "Bee1150\Bee1150.csproj", "{B635C665-CA3D-4F65-B77D-02D0D52EAD82}"
EndProject
Global
	GlobalSection(SolutionConfigurationPlatforms) = preSolution
		Debug|Any CPU = Debug|Any CPU
		Release|Any CPU = Release|Any CPU
	EndGlobalSection
	GlobalSection(ProjectConfigurationPlatforms) = postSolution
		{B635C665-CA3D-4F65-B77D-02D0D52EAD82}.Debug|Any CPU.ActiveCfg = Debug|Any CPU
		{B635C665-CA3D-4F65-B77D-02D0D52EAD82}.Debug|Any CPU.Build.0 = Debug|Any CPU
		{B635C665-CA3D-4F65-B77D-02D0D52EAD82}.Release|Any CPU.ActiveCfg = Release|Any CPU
		{B635C665-CA3D-4F65-B77D-02D0D52EAD82}.Release|Any CPU.Build.0 = Release|Any CPU
	EndGlobalSection
	GlobalSection(SolutionProperties) = preSolution
		HideSolutionNode = FALSE
	EndGlobalSection
	GlobalSection(ExtensibilityGlobals) = postSolution
		SolutionGuid = {8066106C-1EFE-46AB-A9A1-C22D5163CFED}
	EndGlobalSection
EndGlobal
