
Microsoft Visual Studio Solution File, Format Version 12.00
# Visual Studio Version 17
VisualStudioVersion = 17.10.35027.167
MinimumVisualStudioVersion = 10.0.40219.1
Project("{FAE04EC0-301F-11D3-BF4B-00C04F79EFBC}") = "Bee1021", "Bee1021\Bee1021.csproj", "{243F27EE-BF8C-4815-8E8C-F0515DC2C8F5}"
EndProject
Global
	GlobalSection(SolutionConfigurationPlatforms) = preSolution
		Debug|Any CPU = Debug|Any CPU
		Release|Any CPU = Release|Any CPU
	EndGlobalSection
	GlobalSection(ProjectConfigurationPlatforms) = postSolution
		{243F27EE-BF8C-4815-8E8C-F0515DC2C8F5}.Debug|Any CPU.ActiveCfg = Debug|Any CPU
		{243F27EE-BF8C-4815-8E8C-F0515DC2C8F5}.Debug|Any CPU.Build.0 = Debug|Any CPU
		{243F27EE-BF8C-4815-8E8C-F0515DC2C8F5}.Release|Any CPU.ActiveCfg = Release|Any CPU
		{243F27EE-BF8C-4815-8E8C-F0515DC2C8F5}.Release|Any CPU.Build.0 = Release|Any CPU
	EndGlobalSection
	GlobalSection(SolutionProperties) = preSolution
		HideSolutionNode = FALSE
	EndGlobalSection
	GlobalSection(ExtensibilityGlobals) = postSolution
		SolutionGuid = {AD95194F-B2E5-423B-89F9-B5BA1C1FD560}
	EndGlobalSection
EndGlobal
